<Solution>
  <Folder Name="/src/">
    <Project Path="src/cms.Api/cms.Api.csproj" />
    <Project Path="src/cms.Application/cms.Application.csproj" />
    <Project Path="src/cms.Domain/cms.Domain.csproj" />
    <Project Path="src/cms.Infrastructure/cms.Infrastructure.csproj" />
  </Folder>
</Solution>
